# THIS IS AN AUTOGENERATED FILE. DO NOT EDIT THIS FILE DIRECTLY.
# yarn lockfile v1


"@babel/helper-validator-identifier@^7.14.5":
  version "7.14.5"
  resolved "https://registry.nlark.com/@babel/helper-validator-identifier/download/@babel/helper-validator-identifier-7.14.5.tgz?cache=0&sync_timestamp=1623280305128&other_urls=https%3A%2F%2Fregistry.nlark.com%2F%40babel%2Fhelper-validator-identifier%2Fdownload%2F%40babel%2Fhelper-validator-identifier-7.14.5.tgz#d0f0e277c512e0c938277faa85a3968c9a44c0e8"
  integrity sha1-0PDid8US4Mk4J3+qhaOWjJpEwOg=

"@babel/parser@^7.12.0":
  version "7.14.7"
  resolved "https://registry.nlark.com/@babel/parser/download/@babel/parser-7.14.7.tgz?cache=0&other_urls=https%3A%2F%2Fregistry.nlark.com%2F%40babel%2Fparser%2Fdownload%2F%40babel%2Fparser-7.14.7.tgz#6099720c8839ca865a2637e6c85852ead0bdb595"
  integrity sha1-YJlyDIg5yoZaJjfmyFhS6tC9tZU=

"@babel/types@^7.12.0":
  version "7.14.5"
  resolved "https://registry.nlark.com/@babel/types/download/@babel/types-7.14.5.tgz#3bb997ba829a2104cedb20689c4a5b8121d383ff"
  integrity sha1-O7mXuoKaIQTO2yBonEpbgSHTg/8=
  dependencies:
    "@babel/helper-validator-identifier" "^7.14.5"
    to-fast-properties "^2.0.0"

"@vue/compiler-core@3.1.5":
  version "3.1.5"
  resolved "https://registry.nlark.com/@vue/compiler-core/download/@vue/compiler-core-3.1.5.tgz#298f905b6065d6d81ff63756f98c60876b393c87"
  integrity sha1-KY+QW2Bl1tgf9jdW+Yxgh2s5PIc=
  dependencies:
    "@babel/parser" "^7.12.0"
    "@babel/types" "^7.12.0"
    "@vue/shared" "3.1.5"
    estree-walker "^2.0.1"
    source-map "^0.6.1"

"@vue/compiler-dom@3.1.5":
  version "3.1.5"
  resolved "https://registry.nlark.com/@vue/compiler-dom/download/@vue/compiler-dom-3.1.5.tgz#cbb97020c62a5faa3fbc2a97916bd98041ac9856"
  integrity sha1-y7lwIMYqX6o/vCqXkWvZgEGsmFY=
  dependencies:
    "@vue/compiler-core" "3.1.5"
    "@vue/shared" "3.1.5"

"@vue/reactivity@3.1.5":
  version "3.1.5"
  resolved "https://registry.nlark.com/@vue/reactivity/download/@vue/reactivity-3.1.5.tgz#dbec4d9557f7c8f25c2635db1e23a78a729eb991"
  integrity sha1-2+xNlVf3yPJcJjXbHiOninKeuZE=
  dependencies:
    "@vue/shared" "3.1.5"

"@vue/runtime-core@3.1.5":
  version "3.1.5"
  resolved "https://registry.nlark.com/@vue/runtime-core/download/@vue/runtime-core-3.1.5.tgz#a545b7f146092929cb5e833e85439150f17ac87b"
  integrity sha1-pUW38UYJKSnLXoM+hUORUPF6yHs=
  dependencies:
    "@vue/reactivity" "3.1.5"
    "@vue/shared" "3.1.5"

"@vue/runtime-dom@3.1.5":
  version "3.1.5"
  resolved "https://registry.nlark.com/@vue/runtime-dom/download/@vue/runtime-dom-3.1.5.tgz#4fa28947d408aa368fa17ea0edc1beb9af1472a1"
  integrity sha1-T6KJR9QIqjaPoX6g7cG+ua8UcqE=
  dependencies:
    "@vue/runtime-core" "3.1.5"
    "@vue/shared" "3.1.5"
    csstype "^2.6.8"

"@vue/shared@3.1.5":
  version "3.1.5"
  resolved "https://registry.nlark.com/@vue/shared/download/@vue/shared-3.1.5.tgz#74ee3aad995d0a3996a6bb9533d4d280514ede03"
  integrity sha1-dO46rZldCjmWpruVM9TSgFFO3gM=

anymatch@~3.1.2:
  version "3.1.2"
  resolved "https://registry.nlark.com/anymatch/download/anymatch-3.1.2.tgz#c0557c096af32f106198f4f4e2a383537e378716"
  integrity sha1-wFV8CWrzLxBhmPT04qODU343hxY=
  dependencies:
    normalize-path "^3.0.0"
    picomatch "^2.0.4"

binary-extensions@^2.0.0:
  version "2.2.0"
  resolved "https://registry.nlark.com/binary-extensions/download/binary-extensions-2.2.0.tgz#75f502eeaf9ffde42fc98829645be4ea76bd9e2d"
  integrity sha1-dfUC7q+f/eQvyYgpZFvk6na9ni0=

braces@~3.0.2:
  version "3.0.2"
  resolved "https://registry.npm.taobao.org/braces/download/braces-3.0.2.tgz#3454e1a462ee8d599e236df336cd9ea4f8afe107"
  integrity sha1-NFThpGLujVmeI23zNs2epPiv4Qc=
  dependencies:
    fill-range "^7.0.1"

"chokidar@>=3.0.0 <4.0.0":
  version "3.5.2"
  resolved "https://registry.nlark.com/chokidar/download/chokidar-3.5.2.tgz?cache=0&sync_timestamp=1623763551233&other_urls=https%3A%2F%2Fregistry.nlark.com%2Fchokidar%2Fdownload%2Fchokidar-3.5.2.tgz#dba3976fcadb016f66fd365021d91600d01c1e75"
  integrity sha1-26OXb8rbAW9m/TZQIdkWANAcHnU=
  dependencies:
    anymatch "~3.1.2"
    braces "~3.0.2"
    glob-parent "~5.1.2"
    is-binary-path "~2.1.0"
    is-glob "~4.0.1"
    normalize-path "~3.0.0"
    readdirp "~3.6.0"
  optionalDependencies:
    fsevents "~2.3.2"

csstype@^2.6.8:
  version "2.6.17"
  resolved "https://registry.nlark.com/csstype/download/csstype-2.6.17.tgz#4cf30eb87e1d1a005d8b6510f95292413f6a1c0e"
  integrity sha1-TPMOuH4dGgBdi2UQ+VKSQT9qHA4=

estree-walker@^2.0.1:
  version "2.0.2"
  resolved "https://registry.npm.taobao.org/estree-walker/download/estree-walker-2.0.2.tgz#52f010178c2a4c117a7757cfe942adb7d2da4cac"
  integrity sha1-UvAQF4wqTBF6d1fP6UKtt9LaTKw=

fill-range@^7.0.1:
  version "7.0.1"
  resolved "https://registry.nlark.com/fill-range/download/fill-range-7.0.1.tgz#1919a6a7c75fe38b2c7c77e5198535da9acdda40"
  integrity sha1-GRmmp8df44ssfHflGYU12prN2kA=
  dependencies:
    to-regex-range "^5.0.1"

fsevents@~2.3.2:
  version "2.3.2"
  resolved "https://registry.nlark.com/fsevents/download/fsevents-2.3.2.tgz#8a526f78b8fdf4623b709e0b975c52c24c02fd1a"
  integrity sha1-ilJveLj99GI7cJ4Ll1xSwkwC/Ro=

glob-parent@~5.1.2:
  version "5.1.2"
  resolved "https://registry.nlark.com/glob-parent/download/glob-parent-5.1.2.tgz#869832c58034fe68a4093c17dc15e8340d8401c4"
  integrity sha1-hpgyxYA0/mikCTwX3BXoNA2EAcQ=
  dependencies:
    is-glob "^4.0.1"

is-binary-path@~2.1.0:
  version "2.1.0"
  resolved "https://registry.npm.taobao.org/is-binary-path/download/is-binary-path-2.1.0.tgz#ea1f7f3b80f064236e83470f86c09c254fb45b09"
  integrity sha1-6h9/O4DwZCNug0cPhsCcJU+0Wwk=
  dependencies:
    binary-extensions "^2.0.0"

is-extglob@^2.1.1:
  version "2.1.1"
  resolved "https://registry.nlark.com/is-extglob/download/is-extglob-2.1.1.tgz#a88c02535791f02ed37c76a1b9ea9773c833f8c2"
  integrity sha1-qIwCU1eR8C7TfHahueqXc8gz+MI=

is-glob@^4.0.1, is-glob@~4.0.1:
  version "4.0.1"
  resolved "https://registry.npm.taobao.org/is-glob/download/is-glob-4.0.1.tgz#7567dbe9f2f5e2467bc77ab83c4a29482407a5dc"
  integrity sha1-dWfb6fL14kZ7x3q4PEopSCQHpdw=
  dependencies:
    is-extglob "^2.1.1"

is-number@^7.0.0:
  version "7.0.0"
  resolved "https://registry.npm.taobao.org/is-number/download/is-number-7.0.0.tgz#7535345b896734d5f80c4d06c50955527a14f12b"
  integrity sha1-dTU0W4lnNNX4DE0GxQlVUnoU8Ss=

klona@^2.0.4:
  version "2.0.4"
  resolved "https://registry.npm.taobao.org/klona/download/klona-2.0.4.tgz#7bb1e3affb0cb8624547ef7e8f6708ea2e39dfc0"
  integrity sha1-e7Hjr/sMuGJFR+9+j2cI6i4538A=

neo-async@^2.6.2:
  version "2.6.2"
  resolved "https://registry.npm.taobao.org/neo-async/download/neo-async-2.6.2.tgz#b4aafb93e3aeb2d8174ca53cf163ab7d7308305f"
  integrity sha1-tKr7k+OustgXTKU88WOrfXMIMF8=

normalize-path@^3.0.0, normalize-path@~3.0.0:
  version "3.0.0"
  resolved "https://registry.nlark.com/normalize-path/download/normalize-path-3.0.0.tgz#0dcd69ff23a1c9b11fd0978316644a0388216a65"
  integrity sha1-Dc1p/yOhybEf0JeDFmRKA4ghamU=

picomatch@^2.0.4, picomatch@^2.2.1:
  version "2.3.0"
  resolved "https://registry.nlark.com/picomatch/download/picomatch-2.3.0.tgz?cache=0&sync_timestamp=1621648246651&other_urls=https%3A%2F%2Fregistry.nlark.com%2Fpicomatch%2Fdownload%2Fpicomatch-2.3.0.tgz#f1f061de8f6a4bf022892e2d128234fb98302972"
  integrity sha1-8fBh3o9qS/AiiS4tEoI0+5gwKXI=

readdirp@~3.6.0:
  version "3.6.0"
  resolved "https://registry.nlark.com/readdirp/download/readdirp-3.6.0.tgz#74a370bd857116e245b29cc97340cd431a02a6c7"
  integrity sha1-dKNwvYVxFuJFspzJc0DNQxoCpsc=
  dependencies:
    picomatch "^2.2.1"

sass-loader@^12.1.0:
  version "12.1.0"
  resolved "https://registry.nlark.com/sass-loader/download/sass-loader-12.1.0.tgz?cache=0&sync_timestamp=1623350053592&other_urls=https%3A%2F%2Fregistry.nlark.com%2Fsass-loader%2Fdownload%2Fsass-loader-12.1.0.tgz#b73324622231009da6fba61ab76013256380d201"
  integrity sha1-tzMkYiIxAJ2m+6Yat2ATJWOA0gE=
  dependencies:
    klona "^2.0.4"
    neo-async "^2.6.2"

sass@^1.35.2:
  version "1.35.2"
  resolved "https://registry.nlark.com/sass/download/sass-1.35.2.tgz#b732314fcdaf7ef8d0f1698698adc378043cb821"
  integrity sha1-tzIxT82vfvjQ8WmGmK3DeAQ8uCE=
  dependencies:
    chokidar ">=3.0.0 <4.0.0"

source-map@^0.6.1:
  version "0.6.1"
  resolved "https://registry.npm.taobao.org/source-map/download/source-map-0.6.1.tgz#74722af32e9614e9c287a8d0bbde48b5e2f1a263"
  integrity sha1-dHIq8y6WFOnCh6jQu95IteLxomM=

to-fast-properties@^2.0.0:
  version "2.0.0"
  resolved "https://registry.nlark.com/to-fast-properties/download/to-fast-properties-2.0.0.tgz#dc5e698cbd079265bc73e0377681a4e4e83f616e"
  integrity sha1-3F5pjL0HkmW8c+A3doGk5Og/YW4=

to-regex-range@^5.0.1:
  version "5.0.1"
  resolved "https://registry.npm.taobao.org/to-regex-range/download/to-regex-range-5.0.1.tgz#1648c44aae7c8d988a326018ed72f5b4dd0392e4"
  integrity sha1-FkjESq58jZiKMmAY7XL1tN0DkuQ=
  dependencies:
    is-number "^7.0.0"

vue@^3.1.5:
  version "3.1.5"
  resolved "https://registry.nlark.com/vue/download/vue-3.1.5.tgz?cache=0&other_urls=https%3A%2F%2Fregistry.nlark.com%2Fvue%2Fdownload%2Fvue-3.1.5.tgz#12879b11d0685ee4478c8869551799630a52f9fe"
  integrity sha1-EoebEdBoXuRHjIhpVReZYwpS+f4=
  dependencies:
    "@vue/compiler-dom" "3.1.5"
    "@vue/runtime-dom" "3.1.5"
    "@vue/shared" "3.1.5"
